
Microsoft Visual Studio Solution File, Format Version 12.00
# Visual Studio Version 16
VisualStudioVersion = 16.0.31112.23
MinimumVisualStudioVersion = 10.0.40219.1
Project("{FAE04EC0-301F-11D3-BF4B-00C04F79EFBC}") = "Scraper", "Scraper.csproj", "{C2B353F9-E84C-4B89-A9D1-4E8B984CB0FF}"
EndProject
Global
	GlobalSection(SolutionConfigurationPlatforms) = preSolution
		Debug|Any CPU = Debug|Any CPU
		Release|Any CPU = Release|Any CPU
	EndGlobalSection
	GlobalSection(ProjectConfigurationPlatforms) = postSolution
		{C2B353F9-E84C-4B89-A9D1-4E8B984CB0FF}.Debug|Any CPU.ActiveCfg = Debug|Any CPU
		{C2B353F9-E84C-4B89-A9D1-4E8B984CB0FF}.Debug|Any CPU.Build.0 = Debug|Any CPU
		{C2B353F9-E84C-4B89-A9D1-4E8B984CB0FF}.Release|Any CPU.ActiveCfg = Release|Any CPU
		{C2B353F9-E84C-4B89-A9D1-4E8B984CB0FF}.Release|Any CPU.Build.0 = Release|Any CPU
	EndGlobalSection
	GlobalSection(SolutionProperties) = preSolution
		HideSolutionNode = FALSE
	EndGlobalSection
	GlobalSection(ExtensibilityGlobals) = postSolution
		SolutionGuid = {2643CD0A-E7D4-4970-8D3C-C187161F9BEE}
	EndGlobalSection
EndGlobal
